
Microsoft Visual Studio Solution File, Format Version 12.00
# Visual Studio 15
VisualStudioVersion = 15.0.27428.2005
MinimumVisualStudioVersion = 10.0.40219.1
Project("{9A19103F-16F7-4668-BE54-9A1E7A4F7556}") = "Trippy", "Trippy\Trippy.csproj", "{F407D28D-92A2-4C97-AC02-05693082B010}"
EndProject
Project("{FAE04EC0-301F-11D3-BF4B-00C04F79EFBC}") = "Trippy.Extensions", "Trippy.Extensions\Trippy.Extensions.csproj", "{58E69979-D459-400D-A4CC-A8BBFF399FFC}"
EndProject
Global
	GlobalSection(SolutionConfigurationPlatforms) = preSolution
		Debug|Any CPU = Debug|Any CPU
		Release|Any CPU = Release|Any CPU
	EndGlobalSection
	GlobalSection(ProjectConfigurationPlatforms) = postSolution
		{F407D28D-92A2-4C97-AC02-05693082B010}.Debug|Any CPU.ActiveCfg = Debug|Any CPU
		{F407D28D-92A2-4C97-AC02-05693082B010}.Debug|Any CPU.Build.0 = Debug|Any CPU
		{F407D28D-92A2-4C97-AC02-05693082B010}.Release|Any CPU.ActiveCfg = Release|Any CPU
		{F407D28D-92A2-4C97-AC02-05693082B010}.Release|Any CPU.Build.0 = Release|Any CPU
		{58E69979-D459-400D-A4CC-A8BBFF399FFC}.Debug|Any CPU.ActiveCfg = Debug|Any CPU
		{58E69979-D459-400D-A4CC-A8BBFF399FFC}.Debug|Any CPU.Build.0 = Debug|Any CPU
		{58E69979-D459-400D-A4CC-A8BBFF399FFC}.Release|Any CPU.ActiveCfg = Release|Any CPU
		{58E69979-D459-400D-A4CC-A8BBFF399FFC}.Release|Any CPU.Build.0 = Release|Any CPU
	EndGlobalSection
	GlobalSection(SolutionProperties) = preSolution
		HideSolutionNode = FALSE
	EndGlobalSection
	GlobalSection(ExtensibilityGlobals) = postSolution
		SolutionGuid = {4FEEF98E-C5AB-4982-A047-90D7EFF65547}
	EndGlobalSection
EndGlobal
